
Microsoft Visual Studio Solution File, Format Version 12.00
# Visual Studio Version 17
VisualStudioVersion = 17.4.33213.308
MinimumVisualStudioVersion = 10.0.40219.1
Project("{FAE04EC0-301F-11D3-BF4B-00C04F79EFBC}") = "SkinModLFS", "SkinModLFS\SkinModLFS.csproj", "{5FBF8CF7-AB56-4567-A36B-2FFF1938EE56}"
EndProject
Global
	GlobalSection(SolutionConfigurationPlatforms) = preSolution
		Debug|Any CPU = Debug|Any CPU
		Release|Any CPU = Release|Any CPU
	EndGlobalSection
	GlobalSection(ProjectConfigurationPlatforms) = postSolution
		{5FBF8CF7-AB56-4567-A36B-2FFF1938EE56}.Debug|Any CPU.ActiveCfg = Debug|Any CPU
		{5FBF8CF7-AB56-4567-A36B-2FFF1938EE56}.Debug|Any CPU.Build.0 = Debug|Any CPU
		{5FBF8CF7-AB56-4567-A36B-2FFF1938EE56}.Release|Any CPU.ActiveCfg = Release|Any CPU
		{5FBF8CF7-AB56-4567-A36B-2FFF1938EE56}.Release|Any CPU.Build.0 = Release|Any CPU
	EndGlobalSection
	GlobalSection(SolutionProperties) = preSolution
		HideSolutionNode = FALSE
	EndGlobalSection
	GlobalSection(ExtensibilityGlobals) = postSolution
		SolutionGuid = {45F04795-0FB9-4401-9320-4D261BBF8AF7}
	EndGlobalSection
EndGlobal
